
Microsoft Visual Studio Solution File, Format Version 12.00
# Visual Studio Version 16
VisualStudioVersion = 16.0.29709.97
MinimumVisualStudioVersion = 10.0.40219.1
Project("{FAE04EC0-301F-11D3-BF4B-00C04F79EFBC}") = "MyShopList", "MyShopList\MyShopList.csproj", "{66D57D4A-541B-40CB-874A-853F45DFCA23}"
EndProject
Global
	GlobalSection(SolutionConfigurationPlatforms) = preSolution
		Debug|Any CPU = Debug|Any CPU
		Release|Any CPU = Release|Any CPU
	EndGlobalSection
	GlobalSection(ProjectConfigurationPlatforms) = postSolution
		{66D57D4A-541B-40CB-874A-853F45DFCA23}.Debug|Any CPU.ActiveCfg = Debug|Any CPU
		{66D57D4A-541B-40CB-874A-853F45DFCA23}.Debug|Any CPU.Build.0 = Debug|Any CPU
		{66D57D4A-541B-40CB-874A-853F45DFCA23}.Release|Any CPU.ActiveCfg = Release|Any CPU
		{66D57D4A-541B-40CB-874A-853F45DFCA23}.Release|Any CPU.Build.0 = Release|Any CPU
	EndGlobalSection
	GlobalSection(SolutionProperties) = preSolution
		HideSolutionNode = FALSE
	EndGlobalSection
	GlobalSection(ExtensibilityGlobals) = postSolution
		SolutionGuid = {522BA5A1-7D62-4E08-9E3B-77C47CA3202E}
	EndGlobalSection
EndGlobal
